
Microsoft Visual Studio Solution File, Format Version 12.00
# Visual Studio 15
VisualStudioVersion = 15.0.28010.2036
MinimumVisualStudioVersion = 10.0.40219.1
Project("{FAE04EC0-301F-11D3-BF4B-00C04F79EFBC}") = "avg_of_input", "avg_of_input\avg_of_input.csproj", "{3C1E39BF-2571-430D-9F71-B31819B95FDA}"
EndProject
Global
	GlobalSection(SolutionConfigurationPlatforms) = preSolution
		Debug|Any CPU = Debug|Any CPU
		Release|Any CPU = Release|Any CPU
	EndGlobalSection
	GlobalSection(ProjectConfigurationPlatforms) = postSolution
		{3C1E39BF-2571-430D-9F71-B31819B95FDA}.Debug|Any CPU.ActiveCfg = Debug|Any CPU
		{3C1E39BF-2571-430D-9F71-B31819B95FDA}.Debug|Any CPU.Build.0 = Debug|Any CPU
		{3C1E39BF-2571-430D-9F71-B31819B95FDA}.Release|Any CPU.ActiveCfg = Release|Any CPU
		{3C1E39BF-2571-430D-9F71-B31819B95FDA}.Release|Any CPU.Build.0 = Release|Any CPU
	EndGlobalSection
	GlobalSection(SolutionProperties) = preSolution
		HideSolutionNode = FALSE
	EndGlobalSection
	GlobalSection(ExtensibilityGlobals) = postSolution
		SolutionGuid = {E64F275A-49B2-4E08-9188-11E7E589D794}
	EndGlobalSection
EndGlobal
